// !$*UTF8*$!
{
	archiveVersion = 1;
	classes = {
	};
	objectVersion = 50;
	objects = {

/* Begin PBXBuildFile section */
		DCF1CB7021B8AA4A00BE677B /* testvirtual.cpp in Sources */ = {isa = PBXBuildFile; fileRef = DCF1CB6F21B8AA4A00BE677B /* testvirtual.cpp */; };
		DCF1CB8021B8AA9000BE677B /* Rectangle.cpp in Sources */ = {isa = PBXBuildFile; fileRef = DCF1CB7B21B8AA9000BE677B /* Rectangle.cpp */; };
		DCF1CB8121B8AA9000BE677B /* Ring.cpp in Sources */ = {isa = PBXBuildFile; fileRef = DCF1CB7D21B8AA9000BE677B /* Ring.cpp */; };
		DCF1CB8221B8AA9000BE677B /* Circle.cpp in Sources */ = {isa = PBXBuildFile; fileRef = DCF1CB7E21B8AA9000BE677B /* Circle.cpp */; };
		DCF1CB8321B8AA9000BE677B /* Area.cpp in Sources */ = {isa = PBXBuildFile; fileRef = DCF1CB7F21B8AA9000BE677B /* Area.cpp */; };
		DCF1CB8521B8B92600BE677B /* Square.h in Sources */ = {isa = PBXBuildFile; fileRef = DCF1CB8421B8B92600BE677B /* Square.h */; };
		DCF1CB8721B8B93E00BE677B /* Square.cpp in Sources */ = {isa = PBXBuildFile; fileRef = DCF1CB8621B8B93E00BE677B /* Square.cpp */; };
/* End PBXBuildFile section */

/* Begin PBXCopyFilesBuildPhase section */
		DCF1CB6A21B8AA4A00BE677B /* CopyFiles */ = {
			isa = PBXCopyFilesBuildPhase;
			buildActionMask = 2147483647;
			dstPath = /usr/share/man/man1/;
			dstSubfolderSpec = 0;
			files = (
			);
			runOnlyForDeploymentPostprocessing = 1;
		};
/* End PBXCopyFilesBuildPhase section */

/* Begin PBXFileReference section */
		DCF1CB6C21B8AA4A00BE677B /* 6.3 */ = {isa = PBXFileReference; explicitFileType = "compiled.mach-o.executable"; includeInIndex = 0; path = 6.3; sourceTree = BUILT_PRODUCTS_DIR; };
		DCF1CB6F21B8AA4A00BE677B /* testvirtual.cpp */ = {isa = PBXFileReference; lastKnownFileType = sourcecode.cpp.cpp; path = testvirtual.cpp; sourceTree = "<group>"; };
		DCF1CB7821B8AA7D00BE677B /* Ring.h */ = {isa = PBXFileReference; lastKnownFileType = sourcecode.c.h; name = Ring.h; path = ../../../../Downloads/a6/Ring.h; sourceTree = "<group>"; };
		DCF1CB7921B8AA8F00BE677B /* Rectangle.h */ = {isa = PBXFileReference; fileEncoding = 4; lastKnownFileType = sourcecode.c.h; name = Rectangle.h; path = ../../../../Downloads/a6/Rectangle.h; sourceTree = "<group>"; };
		DCF1CB7A21B8AA8F00BE677B /* Area.h */ = {isa = PBXFileReference; fileEncoding = 4; lastKnownFileType = sourcecode.c.h; name = Area.h; path = ../../../../Downloads/a6/Area.h; sourceTree = "<group>"; };
		DCF1CB7B21B8AA9000BE677B /* Rectangle.cpp */ = {isa = PBXFileReference; fileEncoding = 4; lastKnownFileType = sourcecode.cpp.cpp; name = Rectangle.cpp; path = ../../../../Downloads/a6/Rectangle.cpp; sourceTree = "<group>"; };
		DCF1CB7C21B8AA9000BE677B /* Circle.h */ = {isa = PBXFileReference; fileEncoding = 4; lastKnownFileType = sourcecode.c.h; name = Circle.h; path = ../../../../Downloads/a6/Circle.h; sourceTree = "<group>"; };
		DCF1CB7D21B8AA9000BE677B /* Ring.cpp */ = {isa = PBXFileReference; fileEncoding = 4; lastKnownFileType = sourcecode.cpp.cpp; name = Ring.cpp; path = ../../../../Downloads/a6/Ring.cpp; sourceTree = "<group>"; };
		DCF1CB7E21B8AA9000BE677B /* Circle.cpp */ = {isa = PBXFileReference; fileEncoding = 4; lastKnownFileType = sourcecode.cpp.cpp; name = Circle.cpp; path = ../../../../Downloads/a6/Circle.cpp; sourceTree = "<group>"; };
		DCF1CB7F21B8AA9000BE677B /* Area.cpp */ = {isa = PBXFileReference; fileEncoding = 4; lastKnownFileType = sourcecode.cpp.cpp; name = Area.cpp; path = ../../../../Downloads/a6/Area.cpp; sourceTree = "<group>"; };
		DCF1CB8421B8B92600BE677B /* Square.h */ = {isa = PBXFileReference; lastKnownFileType = sourcecode.c.h; path = Square.h; sourceTree = "<group>"; };
		DCF1CB8621B8B93E00BE677B /* Square.cpp */ = {isa = PBXFileReference; lastKnownFileType = sourcecode.cpp.cpp; path = Square.cpp; sourceTree = "<group>"; };
/* End PBXFileReference section */

/* Begin PBXFrameworksBuildPhase section */
		DCF1CB6921B8AA4A00BE677B /* Frameworks */ = {
			isa = PBXFrameworksBuildPhase;
			buildActionMask = 2147483647;
			files = (
			);
			runOnlyForDeploymentPostprocessing = 0;
		};
/* End PBXFrameworksBuildPhase section */

/* Begin PBXGroup section */
		DCF1CB6321B8AA4A00BE677B = {
			isa = PBXGroup;
			children = (
				DCF1CB6E21B8AA4A00BE677B /* 6.3 */,
				DCF1CB6D21B8AA4A00BE677B /* Products */,
			);
			sourceTree = "<group>";
		};
		DCF1CB6D21B8AA4A00BE677B /* Products */ = {
			isa = PBXGroup;
			children = (
				DCF1CB6C21B8AA4A00BE677B /* 6.3 */,
			);
			name = Products;
			sourceTree = "<group>";
		};
		DCF1CB6E21B8AA4A00BE677B /* 6.3 */ = {
			isa = PBXGroup;
			children = (
				DCF1CB6F21B8AA4A00BE677B /* testvirtual.cpp */,
				DCF1CB7A21B8AA8F00BE677B /* Area.h */,
				DCF1CB7F21B8AA9000BE677B /* Area.cpp */,
				DCF1CB8421B8B92600BE677B /* Square.h */,
				DCF1CB8621B8B93E00BE677B /* Square.cpp */,
				DCF1CB7C21B8AA9000BE677B /* Circle.h */,
				DCF1CB7E21B8AA9000BE677B /* Circle.cpp */,
				DCF1CB7921B8AA8F00BE677B /* Rectangle.h */,
				DCF1CB7B21B8AA9000BE677B /* Rectangle.cpp */,
				DCF1CB7821B8AA7D00BE677B /* Ring.h */,
				DCF1CB7D21B8AA9000BE677B /* Ring.cpp */,
			);
			path = 6.3;
			sourceTree = "<group>";
		};
/* End PBXGroup section */

/* Begin PBXNativeTarget section */
		DCF1CB6B21B8AA4A00BE677B /* 6.3 */ = {
			isa = PBXNativeTarget;
			buildConfigurationList = DCF1CB7321B8AA4A00BE677B /* Build configuration list for PBXNativeTarget "6.3" */;
			buildPhases = (
				DCF1CB6821B8AA4A00BE677B /* Sources */,
				DCF1CB6921B8AA4A00BE677B /* Frameworks */,
				DCF1CB6A21B8AA4A00BE677B /* CopyFiles */,
			);
			buildRules = (
			);
			dependencies = (
			);
			name = 6.3;
			productName = 6.3;
			productReference = DCF1CB6C21B8AA4A00BE677B /* 6.3 */;
			productType = "com.apple.product-type.tool";
		};
/* End PBXNativeTarget section */

/* Begin PBXProject section */
		DCF1CB6421B8AA4A00BE677B /* Project object */ = {
			isa = PBXProject;
			attributes = {
				LastUpgradeCheck = 1000;
				ORGANIZATIONNAME = "Lucia Fuentes";
				TargetAttributes = {
					DCF1CB6B21B8AA4A00BE677B = {
						CreatedOnToolsVersion = 10.0;
					};
				};
			};
			buildConfigurationList = DCF1CB6721B8AA4A00BE677B /* Build configuration list for PBXProject "6.3" */;
			compatibilityVersion = "Xcode 9.3";
			developmentRegion = en;
			hasScannedForEncodings = 0;
			knownRegions = (
				en,
			);
			mainGroup = DCF1CB6321B8AA4A00BE677B;
			productRefGroup = DCF1CB6D21B8AA4A00BE677B /* Products */;
			projectDirPath = "";
			projectRoot = "";
			targets = (
				DCF1CB6B21B8AA4A00BE677B /* 6.3 */,
			);
		};
/* End PBXProject section */

/* Begin PBXSourcesBuildPhase section */
		DCF1CB6821B8AA4A00BE677B /* Sources */ = {
			isa = PBXSourcesBuildPhase;
			buildActionMask = 2147483647;
			files = (
				DCF1CB8321B8AA9000BE677B /* Area.cpp in Sources */,
				DCF1CB7021B8AA4A00BE677B /* testvirtual.cpp in Sources */,
				DCF1CB8221B8AA9000BE677B /* Circle.cpp in Sources */,
				DCF1CB8121B8AA9000BE677B /* Ring.cpp in Sources */,
				DCF1CB8721B8B93E00BE677B /* Square.cpp in Sources */,
				DCF1CB8521B8B92600BE677B /* Square.h in Sources */,
				DCF1CB8021B8AA9000BE677B /* Rectangle.cpp in Sources */,
			);
			runOnlyForDeploymentPostprocessing = 0;
		};
/* End PBXSourcesBuildPhase section */

/* Begin XCBuildConfiguration section */
		DCF1CB7121B8AA4A00BE677B /* Debug */ = {
			isa = XCBuildConfiguration;
			buildSettings = {
				ALWAYS_SEARCH_USER_PATHS = NO;
				CLANG_ANALYZER_NONNULL = YES;
				CLANG_ANALYZER_NUMBER_OBJECT_CONVERSION = YES_AGGRESSIVE;
				CLANG_CXX_LANGUAGE_STANDARD = "gnu++14";
				CLANG_CXX_LIBRARY = "libc++";
				CLANG_ENABLE_MODULES = YES;
				CLANG_ENABLE_OBJC_ARC = YES;
				CLANG_ENABLE_OBJC_WEAK = YES;
				CLANG_WARN_BLOCK_CAPTURE_AUTORELEASING = YES;
				CLANG_WARN_BOOL_CONVERSION = YES;
				CLANG_WARN_COMMA = YES;
				CLANG_WARN_CONSTANT_CONVERSION = YES;
				CLANG_WARN_DEPRECATED_OBJC_IMPLEMENTATIONS = YES;
				CLANG_WARN_DIRECT_OBJC_ISA_USAGE = YES_ERROR;
				CLANG_WARN_DOCUMENTATION_COMMENTS = YES;
				CLANG_WARN_EMPTY_BODY = YES;
				CLANG_WARN_ENUM_CONVERSION = YES;
				CLANG_WARN_INFINITE_RECURSION = YES;
				CLANG_WARN_INT_CONVERSION = YES;
				CLANG_WARN_NON_LITERAL_NULL_CONVERSION = YES;
				CLANG_WARN_OBJC_IMPLICIT_RETAIN_SELF = YES;
				CLANG_WARN_OBJC_LITERAL_CONVERSION = YES;
				CLANG_WARN_OBJC_ROOT_CLASS = YES_ERROR;
				CLANG_WARN_RANGE_LOOP_ANALYSIS = YES;
				CLANG_WARN_STRICT_PROTOTYPES = YES;
				CLANG_WARN_SUSPICIOUS_MOVE = YES;
				CLANG_WARN_UNGUARDED_AVAILABILITY = YES_AGGRESSIVE;
				CLANG_WARN_UNREACHABLE_CODE = YES;
				CLANG_WARN__DUPLICATE_METHOD_MATCH = YES;
				CODE_SIGN_IDENTITY = "-";
				COPY_PHASE_STRIP = NO;
				DEBUG_INFORMATION_FORMAT = dwarf;
				ENABLE_STRICT_OBJC_MSGSEND = YES;
				ENABLE_TESTABILITY = YES;
				GCC_C_LANGUAGE_STANDARD = gnu11;
				GCC_DYNAMIC_NO_PIC = NO;
				GCC_NO_COMMON_BLOCKS = YES;
				GCC_OPTIMIZATION_LEVEL = 0;
				GCC_PREPROCESSOR_DEFINITIONS = (
					"DEBUG=1",
					"$(inherited)",
				);
				GCC_WARN_64_TO_32_BIT_CONVERSION = YES;
				GCC_WARN_ABOUT_RETURN_TYPE = YES_ERROR;
				GCC_WARN_UNDECLARED_SELECTOR = YES;
				GCC_WARN_UNINITIALIZED_AUTOS = YES_AGGRESSIVE;
				GCC_WARN_UNUSED_FUNCTION = YES;
				GCC_WARN_UNUSED_VARIABLE = YES;
				MACOSX_DEPLOYMENT_TARGET = 10.14;
				MTL_ENABLE_DEBUG_INFO = INCLUDE_SOURCE;
				MTL_FAST_MATH = YES;
				ONLY_ACTIVE_ARCH = YES;
				SDKROOT = macosx;
			};
			name = Debug;
		};
		DCF1CB7221B8AA4A00BE677B /* Release */ = {
			isa = XCBuildConfiguration;
			buildSettings = {
				ALWAYS_SEARCH_USER_PATHS = NO;
				CLANG_ANALYZER_NONNULL = YES;
				CLANG_ANALYZER_NUMBER_OBJECT_CONVERSION = YES_AGGRESSIVE;
				CLANG_CXX_LANGUAGE_STANDARD = "gnu++14";
				CLANG_CXX_LIBRARY = "libc++";
				CLANG_ENABLE_MODULES = YES;
				CLANG_ENABLE_OBJC_ARC = YES;
				CLANG_ENABLE_OBJC_WEAK = YES;
				CLANG_WARN_BLOCK_CAPTURE_AUTORELEASING = YES;
				CLANG_WARN_BOOL_CONVERSION = YES;
				CLANG_WARN_COMMA = YES;
				CLANG_WARN_CONSTANT_CONVERSION = YES;
				CLANG_WARN_DEPRECATED_OBJC_IMPLEMENTATIONS = YES;
				CLANG_WARN_DIRECT_OBJC_ISA_USAGE = YES_ERROR;
				CLANG_WARN_DOCUMENTATION_COMMENTS = YES;
				CLANG_WARN_EMPTY_BODY = YES;
				CLANG_WARN_ENUM_CONVERSION = YES;
				CLANG_WARN_INFINITE_RECURSION = YES;
				CLANG_WARN_INT_CONVERSION = YES;
				CLANG_WARN_NON_LITERAL_NULL_CONVERSION = YES;
				CLANG_WARN_OBJC_IMPLICIT_RETAIN_SELF = YES;
				CLANG_WARN_OBJC_LITERAL_CONVERSION = YES;
				CLANG_WARN_OBJC_ROOT_CLASS = YES_ERROR;
				CLANG_WARN_RANGE_LOOP_ANALYSIS = YES;
				CLANG_WARN_STRICT_PROTOTYPES = YES;
				CLANG_WARN_SUSPICIOUS_MOVE = YES;
				CLANG_WARN_UNGUARDED_AVAILABILITY = YES_AGGRESSIVE;
				CLANG_WARN_UNREACHABLE_CODE = YES;
				CLANG_WARN__DUPLICATE_METHOD_MATCH = YES;
				CODE_SIGN_IDENTITY = "-";
				COPY_PHASE_STRIP = NO;
				DEBUG_INFORMATION_FORMAT = "dwarf-with-dsym";
				ENABLE_NS_ASSERTIONS = NO;
				ENABLE_STRICT_OBJC_MSGSEND = YES;
				GCC_C_LANGUAGE_STANDARD = gnu11;
				GCC_NO_COMMON_BLOCKS = YES;
				GCC_WARN_64_TO_32_BIT_CONVERSION = YES;
				GCC_WARN_ABOUT_RETURN_TYPE = YES_ERROR;
				GCC_WARN_UNDECLARED_SELECTOR = YES;
				GCC_WARN_UNINITIALIZED_AUTOS = YES_AGGRESSIVE;
				GCC_WARN_UNUSED_FUNCTION = YES;
				GCC_WARN_UNUSED_VARIABLE = YES;
				MACOSX_DEPLOYMENT_TARGET = 10.14;
				MTL_ENABLE_DEBUG_INFO = NO;
				MTL_FAST_MATH = YES;
				SDKROOT = macosx;
			};
			name = Release;
		};
		DCF1CB7421B8AA4A00BE677B /* Debug */ = {
			isa = XCBuildConfiguration;
			buildSettings = {
				CODE_SIGN_STYLE = Automatic;
				PRODUCT_NAME = "$(TARGET_NAME)";
			};
			name = Debug;
		};
		DCF1CB7521B8AA4A00BE677B /* Release */ = {
			isa = XCBuildConfiguration;
			buildSettings = {
				CODE_SIGN_STYLE = Automatic;
				PRODUCT_NAME = "$(TARGET_NAME)";
			};
			name = Release;
		};
/* End XCBuildConfiguration section */

/* Begin XCConfigurationList section */
		DCF1CB6721B8AA4A00BE677B /* Build configuration list for PBXProject "6.3" */ = {
			isa = XCConfigurationList;
			buildConfigurations = (
				DCF1CB7121B8AA4A00BE677B /* Debug */,
				DCF1CB7221B8AA4A00BE677B /* Release */,
			);
			defaultConfigurationIsVisible = 0;
			defaultConfigurationName = Release;
		};
		DCF1CB7321B8AA4A00BE677B /* Build configuration list for PBXNativeTarget "6.3" */ = {
			isa = XCConfigurationList;
			buildConfigurations = (
				DCF1CB7421B8AA4A00BE677B /* Debug */,
				DCF1CB7521B8AA4A00BE677B /* Release */,
			);
			defaultConfigurationIsVisible = 0;
			defaultConfigurationName = Release;
		};
/* End XCConfigurationList section */
	};
	rootObject = DCF1CB6421B8AA4A00BE677B /* Project object */;
}
